{
  "name": "uview-template 集成uview-ui 的基础项目开发框架",
  "version": "1.0.1",
  "lockfileVersion": 1,
  "requires": true,
  "dependencies": {
    "@intlify/core-base": {
      "version": "9.2.0-beta.9",
      "resolved": "https://registry.npmjs.org/@intlify/core-base/-/core-base-9.2.0-beta.9.tgz",
      "integrity": "sha512-mgnY1BZWNmRQWbnsH9csYBvagUp3FGQiHiImH/g/roM33iiCHyfdAbkoHaOforcRo/en/ZPcTL5Acu0oLz/r0Q==",
      "requires": {
        "@intlify/devtools-if": "9.2.0-beta.9",
        "@intlify/message-compiler": "9.2.0-beta.9",
        "@intlify/shared": "9.2.0-beta.9",
        "@intlify/vue-devtools": "9.2.0-beta.9"
      }
    },
    "@intlify/devtools-if": {
      "version": "9.2.0-beta.9",
      "resolved": "https://registry.npmjs.org/@intlify/devtools-if/-/devtools-if-9.2.0-beta.9.tgz",
      "integrity": "sha512-Ap4A6AN6Ufo6mAvfeCdiB2mdVnDyPxFUiqAok/xaMuFUq+tO4jNOec2Q7tm/gJzASd9StswkUfvMONVGXR6WfQ==",
      "requires": {
        "@intlify/shared": "9.2.0-beta.9"
      }
    },
    "@intlify/message-compiler": {
      "version": "9.2.0-beta.9",
      "resolved": "https://registry.npmjs.org/@intlify/message-compiler/-/message-compiler-9.2.0-beta.9.tgz",
      "integrity": "sha512-QBnH4qvVkoktAYubLQvoKKxU+L5tI4VfQKbFatp/w6HtLZL103kINhmAF7m48RkmaPaHJiXZ+Ap5acjKyeDuwA==",
      "requires": {
        "@intlify/shared": "9.2.0-beta.9",
        "source-map": "0.6.1"
      }
    },
    "@intlify/shared": {
      "version": "9.2.0-beta.9",
      "resolved": "https://registry.npmjs.org/@intlify/shared/-/shared-9.2.0-beta.9.tgz",
      "integrity": "sha512-LW+tL/vsdnN7NTxgOVa9nsxE1c1xIqr3VbGbH8dUm+HxRLujWZljwHyJ8iFD7WE5Gm5OFT4LZQd/JC1L6txf+A=="
    },
    "@intlify/vue-devtools": {
      "version": "9.2.0-beta.9",
      "resolved": "https://registry.npmjs.org/@intlify/vue-devtools/-/vue-devtools-9.2.0-beta.9.tgz",
      "integrity": "sha512-wQpAhWM8UH3OIW/vOeE3LhB9fL5g1M3dus83AXDrKDmRAWwX3iXIFZdR32RKtqUQhAi7X+OcWir4lPmZhLeD7g==",
      "requires": {
        "@intlify/core-base": "9.2.0-beta.9",
        "@intlify/shared": "9.2.0-beta.9"
      }
    },
    "@vue/devtools-api": {
      "version": "6.0.0-beta.18",
      "resolved": "https://registry.npmjs.org/@vue/devtools-api/-/devtools-api-6.0.0-beta.18.tgz",
      "integrity": "sha512-56vRhO7nXWWFYTx520BQSDlQH5VYpwy62hFDEqi2yHHEBpEqseOP5WYQusq7BEW3DXSY9E9cfPVR5CFtJbKuMg=="
    },
    "source-map": {
      "version": "0.6.1",
      "resolved": "https://registry.npmjs.org/source-map/-/source-map-0.6.1.tgz",
      "integrity": "sha512-UjgapumWlbMhkBgzT7Ykc5YXUT46F0iKu8SGXq0bcwP5dz/h0Plj6enJqjz1Zbq2l5WaqYnrVbwWOWMyF3F47g=="
    },
    "vue-i18n": {
      "version": "9.2.0-beta.9",
      "resolved": "https://registry.npmjs.org/vue-i18n/-/vue-i18n-9.2.0-beta.9.tgz",
      "integrity": "sha512-AGmAQ6qsVshAnRtydqYhZp+mZ9lAT5vBzo/TwtPKpyBj55JQlXf/V7LrEME/qSqOshD2e9BJowrMuBj0ygzjdg==",
      "requires": {
        "@intlify/core-base": "9.2.0-beta.9",
        "@intlify/shared": "9.2.0-beta.9",
        "@intlify/vue-devtools": "9.2.0-beta.9",
        "@vue/devtools-api": "^6.0.0-beta.13"
      }
    }
  }
}
